
Microsoft Visual Studio Solution File, Format Version 12.00
# Visual Studio Version 17
VisualStudioVersion = 17.14.36414.22
MinimumVisualStudioVersion = 10.0.40219.1
Project("{2150E333-8FDC-42A3-9474-1A3956D46DE8}") = "Solution Items", "Solution Items", "{8EC462FD-D22E-90A8-E5CE-7E832BA40C5D}"
	ProjectSection(SolutionItems) = preProject
		.gitignore = .gitignore
		.github\workflows\attach-apk-on-release.yml = .github\workflows\attach-apk-on-release.yml
		CHANGELOG.md = CHANGELOG.md
		.github\workflows\ci.yml = .github\workflows\ci.yml
		Directory.Build.props = Directory.Build.props
		README.md = README.md
		.github\workflows\release.yml = .github\workflows\release.yml
	EndProjectSection
EndProject
Project("{E53339B2-1760-4266-BCC7-CA923CBCF16C}") = "docker-compose", "docker-compose.dcproj", "{81DDED9D-158B-E303-5F62-77A2896D2A5A}"
EndProject
Project("{2150E333-8FDC-42A3-9474-1A3956D46DE8}") = "Docs", "Docs", "{03795D4A-6B35-4C67-9A7E-1C2B82090EC3}"
	ProjectSection(SolutionItems) = preProject
		docs\api-reference.md = docs\api-reference.md
		docs\git-workflow.md = docs\git-workflow.md
	EndProjectSection
EndProject
Project("{2150E333-8FDC-42A3-9474-1A3956D46DE8}") = "src", "src", "{827E0CD3-B72D-47B6-A68D-7590B98EB39B}"
EndProject
Project("{2150E333-8FDC-42A3-9474-1A3956D46DE8}") = "backend", "backend", "{FE360695-3F2B-1049-3887-35FBB5135923}"
EndProject
Project("{FAE04EC0-301F-11D3-BF4B-00C04F79EFBC}") = "ParkSpotTLV.Api", "src\backend\ParkSpotTLV.Api\ParkSpotTLV.Api.csproj", "{A6F1177C-11D8-4F68-8B08-A5CF5876C11B}"
EndProject
Project("{FAE04EC0-301F-11D3-BF4B-00C04F79EFBC}") = "ParkSpotTLV.Infrastructure", "src\backend\ParkSpotTLV.Infrastructure\ParkSpotTLV.Infrastructure.csproj", "{D1507751-EA55-4ADB-9EF5-C88C162E8774}"
EndProject
Project("{FAE04EC0-301F-11D3-BF4B-00C04F79EFBC}") = "ParkSpotTLV.Contracts", "src\backend\ParkSpotTLV.Contracts\ParkSpotTLV.Contracts.csproj", "{F1452776-F884-48C6-B506-30CCD2757101}"
EndProject
Project("{2150E333-8FDC-42A3-9474-1A3956D46DE8}") = "mobile", "mobile", "{5F6E8ECF-6C7C-84BC-3852-AC68F2C425F8}"
EndProject
Project("{FAE04EC0-301F-11D3-BF4B-00C04F79EFBC}") = "ParkSpotTLV.App", "src\mobile\ParkSpotTLV.App\ParkSpotTLV.App.csproj", "{06899943-554A-428E-88CC-F3B4C4B03BCB}"
EndProject
Global
	GlobalSection(SolutionConfigurationPlatforms) = preSolution
		Debug|Any CPU = Debug|Any CPU
		Debug|x64 = Debug|x64
		Debug|x86 = Debug|x86
		Release|Any CPU = Release|Any CPU
		Release|x64 = Release|x64
		Release|x86 = Release|x86
	EndGlobalSection
	GlobalSection(ProjectConfigurationPlatforms) = postSolution
		{81DDED9D-158B-E303-5F62-77A2896D2A5A}.Debug|Any CPU.ActiveCfg = Debug|Any CPU
		{81DDED9D-158B-E303-5F62-77A2896D2A5A}.Debug|Any CPU.Build.0 = Debug|Any CPU
		{81DDED9D-158B-E303-5F62-77A2896D2A5A}.Debug|x64.ActiveCfg = Debug|Any CPU
		{81DDED9D-158B-E303-5F62-77A2896D2A5A}.Debug|x64.Build.0 = Debug|Any CPU
		{81DDED9D-158B-E303-5F62-77A2896D2A5A}.Debug|x86.ActiveCfg = Debug|Any CPU
		{81DDED9D-158B-E303-5F62-77A2896D2A5A}.Debug|x86.Build.0 = Debug|Any CPU
		{81DDED9D-158B-E303-5F62-77A2896D2A5A}.Release|Any CPU.ActiveCfg = Release|Any CPU
		{81DDED9D-158B-E303-5F62-77A2896D2A5A}.Release|Any CPU.Build.0 = Release|Any CPU
		{81DDED9D-158B-E303-5F62-77A2896D2A5A}.Release|x64.ActiveCfg = Release|Any CPU
		{81DDED9D-158B-E303-5F62-77A2896D2A5A}.Release|x64.Build.0 = Release|Any CPU
		{81DDED9D-158B-E303-5F62-77A2896D2A5A}.Release|x86.ActiveCfg = Release|Any CPU
		{81DDED9D-158B-E303-5F62-77A2896D2A5A}.Release|x86.Build.0 = Release|Any CPU
		{A6F1177C-11D8-4F68-8B08-A5CF5876C11B}.Debug|Any CPU.ActiveCfg = Debug|Any CPU
		{A6F1177C-11D8-4F68-8B08-A5CF5876C11B}.Debug|Any CPU.Build.0 = Debug|Any CPU
		{A6F1177C-11D8-4F68-8B08-A5CF5876C11B}.Debug|x64.ActiveCfg = Debug|Any CPU
		{A6F1177C-11D8-4F68-8B08-A5CF5876C11B}.Debug|x64.Build.0 = Debug|Any CPU
		{A6F1177C-11D8-4F68-8B08-A5CF5876C11B}.Debug|x86.ActiveCfg = Debug|Any CPU
		{A6F1177C-11D8-4F68-8B08-A5CF5876C11B}.Debug|x86.Build.0 = Debug|Any CPU
		{A6F1177C-11D8-4F68-8B08-A5CF5876C11B}.Release|Any CPU.ActiveCfg = Release|Any CPU
		{A6F1177C-11D8-4F68-8B08-A5CF5876C11B}.Release|Any CPU.Build.0 = Release|Any CPU
		{A6F1177C-11D8-4F68-8B08-A5CF5876C11B}.Release|x64.ActiveCfg = Release|Any CPU
		{A6F1177C-11D8-4F68-8B08-A5CF5876C11B}.Release|x64.Build.0 = Release|Any CPU
		{A6F1177C-11D8-4F68-8B08-A5CF5876C11B}.Release|x86.ActiveCfg = Release|Any CPU
		{A6F1177C-11D8-4F68-8B08-A5CF5876C11B}.Release|x86.Build.0 = Release|Any CPU
		{D1507751-EA55-4ADB-9EF5-C88C162E8774}.Debug|Any CPU.ActiveCfg = Debug|Any CPU
		{D1507751-EA55-4ADB-9EF5-C88C162E8774}.Debug|Any CPU.Build.0 = Debug|Any CPU
		{D1507751-EA55-4ADB-9EF5-C88C162E8774}.Debug|x64.ActiveCfg = Debug|Any CPU
		{D1507751-EA55-4ADB-9EF5-C88C162E8774}.Debug|x64.Build.0 = Debug|Any CPU
		{D1507751-EA55-4ADB-9EF5-C88C162E8774}.Debug|x86.ActiveCfg = Debug|Any CPU
		{D1507751-EA55-4ADB-9EF5-C88C162E8774}.Debug|x86.Build.0 = Debug|Any CPU
		{D1507751-EA55-4ADB-9EF5-C88C162E8774}.Release|Any CPU.ActiveCfg = Release|Any CPU
		{D1507751-EA55-4ADB-9EF5-C88C162E8774}.Release|Any CPU.Build.0 = Release|Any CPU
		{D1507751-EA55-4ADB-9EF5-C88C162E8774}.Release|x64.ActiveCfg = Release|Any CPU
		{D1507751-EA55-4ADB-9EF5-C88C162E8774}.Release|x64.Build.0 = Release|Any CPU
		{D1507751-EA55-4ADB-9EF5-C88C162E8774}.Release|x86.ActiveCfg = Release|Any CPU
		{D1507751-EA55-4ADB-9EF5-C88C162E8774}.Release|x86.Build.0 = Release|Any CPU
		{F1452776-F884-48C6-B506-30CCD2757101}.Debug|Any CPU.ActiveCfg = Debug|Any CPU
		{F1452776-F884-48C6-B506-30CCD2757101}.Debug|Any CPU.Build.0 = Debug|Any CPU
		{F1452776-F884-48C6-B506-30CCD2757101}.Debug|x64.ActiveCfg = Debug|Any CPU
		{F1452776-F884-48C6-B506-30CCD2757101}.Debug|x64.Build.0 = Debug|Any CPU
		{F1452776-F884-48C6-B506-30CCD2757101}.Debug|x86.ActiveCfg = Debug|Any CPU
		{F1452776-F884-48C6-B506-30CCD2757101}.Debug|x86.Build.0 = Debug|Any CPU
		{F1452776-F884-48C6-B506-30CCD2757101}.Release|Any CPU.ActiveCfg = Release|Any CPU
		{F1452776-F884-48C6-B506-30CCD2757101}.Release|Any CPU.Build.0 = Release|Any CPU
		{F1452776-F884-48C6-B506-30CCD2757101}.Release|x64.ActiveCfg = Release|Any CPU
		{F1452776-F884-48C6-B506-30CCD2757101}.Release|x64.Build.0 = Release|Any CPU
		{F1452776-F884-48C6-B506-30CCD2757101}.Release|x86.ActiveCfg = Release|Any CPU
		{F1452776-F884-48C6-B506-30CCD2757101}.Release|x86.Build.0 = Release|Any CPU
		{06899943-554A-428E-88CC-F3B4C4B03BCB}.Debug|Any CPU.ActiveCfg = Debug|Any CPU
		{06899943-554A-428E-88CC-F3B4C4B03BCB}.Debug|Any CPU.Build.0 = Debug|Any CPU
		{06899943-554A-428E-88CC-F3B4C4B03BCB}.Debug|Any CPU.Deploy.0 = Debug|Any CPU
		{06899943-554A-428E-88CC-F3B4C4B03BCB}.Debug|x64.ActiveCfg = Debug|Any CPU
		{06899943-554A-428E-88CC-F3B4C4B03BCB}.Debug|x64.Build.0 = Debug|Any CPU
		{06899943-554A-428E-88CC-F3B4C4B03BCB}.Debug|x86.ActiveCfg = Debug|Any CPU
		{06899943-554A-428E-88CC-F3B4C4B03BCB}.Debug|x86.Build.0 = Debug|Any CPU
		{06899943-554A-428E-88CC-F3B4C4B03BCB}.Release|Any CPU.ActiveCfg = Release|Any CPU
		{06899943-554A-428E-88CC-F3B4C4B03BCB}.Release|Any CPU.Build.0 = Release|Any CPU
		{06899943-554A-428E-88CC-F3B4C4B03BCB}.Release|x64.ActiveCfg = Release|Any CPU
		{06899943-554A-428E-88CC-F3B4C4B03BCB}.Release|x64.Build.0 = Release|Any CPU
		{06899943-554A-428E-88CC-F3B4C4B03BCB}.Release|x86.ActiveCfg = Release|Any CPU
		{06899943-554A-428E-88CC-F3B4C4B03BCB}.Release|x86.Build.0 = Release|Any CPU
	EndGlobalSection
	GlobalSection(SolutionProperties) = preSolution
		HideSolutionNode = FALSE
	EndGlobalSection
	GlobalSection(NestedProjects) = preSolution
		{FE360695-3F2B-1049-3887-35FBB5135923} = {827E0CD3-B72D-47B6-A68D-7590B98EB39B}
		{A6F1177C-11D8-4F68-8B08-A5CF5876C11B} = {FE360695-3F2B-1049-3887-35FBB5135923}
		{D1507751-EA55-4ADB-9EF5-C88C162E8774} = {FE360695-3F2B-1049-3887-35FBB5135923}
		{F1452776-F884-48C6-B506-30CCD2757101} = {FE360695-3F2B-1049-3887-35FBB5135923}
		{5F6E8ECF-6C7C-84BC-3852-AC68F2C425F8} = {827E0CD3-B72D-47B6-A68D-7590B98EB39B}
		{06899943-554A-428E-88CC-F3B4C4B03BCB} = {5F6E8ECF-6C7C-84BC-3852-AC68F2C425F8}
	EndGlobalSection
	GlobalSection(ExtensibilityGlobals) = postSolution
		SolutionGuid = {DFF4163E-99EE-4307-B34B-E239008579A6}
	EndGlobalSection
EndGlobal
